
Microsoft Visual Studio Solution File, Format Version 11.00
# Visual Studio 2010
# SharpDevelop 4.3
Project("{FAE04EC0-301F-11D3-BF4B-00C04F79EFBC}") = "handphone", "handphone\handphone.csproj", "{35D54731-4D04-4681-8F3D-4943AD3E4BAB}"
EndProject
Global
	GlobalSection(SolutionConfigurationPlatforms) = preSolution
		Debug|Any CPU = Debug|Any CPU
		Release|Any CPU = Release|Any CPU
	EndGlobalSection
	GlobalSection(ProjectConfigurationPlatforms) = postSolution
		{35D54731-4D04-4681-8F3D-4943AD3E4BAB}.Debug|Any CPU.Build.0 = Debug|Any CPU
		{35D54731-4D04-4681-8F3D-4943AD3E4BAB}.Debug|Any CPU.ActiveCfg = Debug|Any CPU
		{35D54731-4D04-4681-8F3D-4943AD3E4BAB}.Release|Any CPU.Build.0 = Release|Any CPU
		{35D54731-4D04-4681-8F3D-4943AD3E4BAB}.Release|Any CPU.ActiveCfg = Release|Any CPU
	EndGlobalSection
EndGlobal
